
Microsoft Visual Studio Solution File, Format Version 12.00
# Visual Studio Version 17
VisualStudioVersion = 17.7.34018.315
MinimumVisualStudioVersion = 10.0.40219.1
Project("{FAE04EC0-301F-11D3-BF4B-00C04F79EFBC}") = "PCalculator", "PCalculator\PCalculator.csproj", "{FE525B84-7358-439A-A255-6F8FAEB2DFAD}"
EndProject
Global
	GlobalSection(SolutionConfigurationPlatforms) = preSolution
		Debug|Any CPU = Debug|Any CPU
		Release|Any CPU = Release|Any CPU
	EndGlobalSection
	GlobalSection(ProjectConfigurationPlatforms) = postSolution
		{FE525B84-7358-439A-A255-6F8FAEB2DFAD}.Debug|Any CPU.ActiveCfg = Debug|Any CPU
		{FE525B84-7358-439A-A255-6F8FAEB2DFAD}.Debug|Any CPU.Build.0 = Debug|Any CPU
		{FE525B84-7358-439A-A255-6F8FAEB2DFAD}.Debug|Any CPU.Deploy.0 = Debug|Any CPU
		{FE525B84-7358-439A-A255-6F8FAEB2DFAD}.Release|Any CPU.ActiveCfg = Release|Any CPU
		{FE525B84-7358-439A-A255-6F8FAEB2DFAD}.Release|Any CPU.Build.0 = Release|Any CPU
		{FE525B84-7358-439A-A255-6F8FAEB2DFAD}.Release|Any CPU.Deploy.0 = Release|Any CPU
	EndGlobalSection
	GlobalSection(SolutionProperties) = preSolution
		HideSolutionNode = FALSE
	EndGlobalSection
	GlobalSection(ExtensibilityGlobals) = postSolution
		SolutionGuid = {5C915D0A-C7DD-4E2E-8A09-3DEFAFED197F}
	EndGlobalSection
EndGlobal
